
Microsoft Visual Studio Solution File, Format Version 12.00
# Visual Studio Version 17
VisualStudioVersion = 17.12.35506.116
MinimumVisualStudioVersion = 10.0.40219.1
Project("{FAE04EC0-301F-11D3-BF4B-00C04F79EFBC}") = "Client", "Projekat\Client.csproj", "{EB40B3A1-DD04-4D01-ADC7-24372B82C9CE}"
EndProject
Project("{FAE04EC0-301F-11D3-BF4B-00C04F79EFBC}") = "Server", "Server\Server.csproj", "{6EE66F8B-79F7-4462-B875-BE2FCF723DCD}"
EndProject
Global
	GlobalSection(SolutionConfigurationPlatforms) = preSolution
		Debug|Any CPU = Debug|Any CPU
		Release|Any CPU = Release|Any CPU
	EndGlobalSection
	GlobalSection(ProjectConfigurationPlatforms) = postSolution
		{EB40B3A1-DD04-4D01-ADC7-24372B82C9CE}.Debug|Any CPU.ActiveCfg = Debug|Any CPU
		{EB40B3A1-DD04-4D01-ADC7-24372B82C9CE}.Debug|Any CPU.Build.0 = Debug|Any CPU
		{EB40B3A1-DD04-4D01-ADC7-24372B82C9CE}.Release|Any CPU.ActiveCfg = Release|Any CPU
		{EB40B3A1-DD04-4D01-ADC7-24372B82C9CE}.Release|Any CPU.Build.0 = Release|Any CPU
		{6EE66F8B-79F7-4462-B875-BE2FCF723DCD}.Debug|Any CPU.ActiveCfg = Debug|Any CPU
		{6EE66F8B-79F7-4462-B875-BE2FCF723DCD}.Debug|Any CPU.Build.0 = Debug|Any CPU
		{6EE66F8B-79F7-4462-B875-BE2FCF723DCD}.Release|Any CPU.ActiveCfg = Release|Any CPU
		{6EE66F8B-79F7-4462-B875-BE2FCF723DCD}.Release|Any CPU.Build.0 = Release|Any CPU
	EndGlobalSection
	GlobalSection(SolutionProperties) = preSolution
		HideSolutionNode = FALSE
	EndGlobalSection
EndGlobal
